
Microsoft Visual Studio Solution File, Format Version 12.00
# Visual Studio 15
VisualStudioVersion = 15.0.27703.2035
MinimumVisualStudioVersion = 10.0.40219.1
Project("{FAE04EC0-301F-11D3-BF4B-00C04F79EFBC}") = "VolunteerProject", "VolunteerProject\VolunteerProject.csproj", "{793AA279-C0E8-4FD1-BE2A-22692B82C83A}"
EndProject
Global
	GlobalSection(SolutionConfigurationPlatforms) = preSolution
		Debug|Any CPU = Debug|Any CPU
		Release|Any CPU = Release|Any CPU
	EndGlobalSection
	GlobalSection(ProjectConfigurationPlatforms) = postSolution
		{793AA279-C0E8-4FD1-BE2A-22692B82C83A}.Debug|Any CPU.ActiveCfg = Debug|Any CPU
		{793AA279-C0E8-4FD1-BE2A-22692B82C83A}.Debug|Any CPU.Build.0 = Debug|Any CPU
		{793AA279-C0E8-4FD1-BE2A-22692B82C83A}.Release|Any CPU.ActiveCfg = Release|Any CPU
		{793AA279-C0E8-4FD1-BE2A-22692B82C83A}.Release|Any CPU.Build.0 = Release|Any CPU
	EndGlobalSection
	GlobalSection(SolutionProperties) = preSolution
		HideSolutionNode = FALSE
	EndGlobalSection
	GlobalSection(ExtensibilityGlobals) = postSolution
		SolutionGuid = {5CA9B3A1-94D2-4CBF-B8E7-ED19276A2687}
	EndGlobalSection
EndGlobal
